// !$*UTF8*$!
{
	archiveVersion = 1;
	classes = {
	};
	objectVersion = 50;
	objects = {

/* Begin PBXBuildFile section */
		727C87EF21035CDE0094F07D /* AppDelegate.swift in Sources */ = {isa = PBXBuildFile; fileRef = 727C87EE21035CDE0094F07D /* AppDelegate.swift */; };
		727C87F121035CDE0094F07D /* ViewController.swift in Sources */ = {isa = PBXBuildFile; fileRef = 727C87F021035CDE0094F07D /* ViewController.swift */; };
		727C87F421035CDE0094F07D /* Main.storyboard in Resources */ = {isa = PBXBuildFile; fileRef = 727C87F221035CDE0094F07D /* Main.storyboard */; };
		727C87F621035CF60094F07D /* Assets.xcassets in Resources */ = {isa = PBXBuildFile; fileRef = 727C87F521035CF60094F07D /* Assets.xcassets */; };
		727C87F921035CF60094F07D /* LaunchScreen.storyboard in Resources */ = {isa = PBXBuildFile; fileRef = 727C87F721035CF60094F07D /* LaunchScreen.storyboard */; };
		ABBB40487A6C87C4E411BCED /* Pods_vimeo_upload.framework in Frameworks */ = {isa = PBXBuildFile; fileRef = EBB1162ECAE067406D5709D5 /* Pods_vimeo_upload.framework */; };
/* End PBXBuildFile section */

/* Begin PBXFileReference section */
		3DFDE52A8ABE2AE0AF21D487 /* Pods-vimeo upload.debug.xcconfig */ = {isa = PBXFileReference; includeInIndex = 1; lastKnownFileType = text.xcconfig; name = "Pods-vimeo upload.debug.xcconfig"; path = "Pods/Target Support Files/Pods-vimeo upload/Pods-vimeo upload.debug.xcconfig"; sourceTree = "<group>"; };
		5D20BC010F528AE92BEFF68F /* Pods-vimeo upload.release.xcconfig */ = {isa = PBXFileReference; includeInIndex = 1; lastKnownFileType = text.xcconfig; name = "Pods-vimeo upload.release.xcconfig"; path = "Pods/Target Support Files/Pods-vimeo upload/Pods-vimeo upload.release.xcconfig"; sourceTree = "<group>"; };
		727C87EB21035CDE0094F07D /* vimeo upload.app */ = {isa = PBXFileReference; explicitFileType = wrapper.application; includeInIndex = 0; path = "vimeo upload.app"; sourceTree = BUILT_PRODUCTS_DIR; };
		727C87EE21035CDE0094F07D /* AppDelegate.swift */ = {isa = PBXFileReference; lastKnownFileType = sourcecode.swift; path = AppDelegate.swift; sourceTree = "<group>"; };
		727C87F021035CDE0094F07D /* ViewController.swift */ = {isa = PBXFileReference; lastKnownFileType = sourcecode.swift; path = ViewController.swift; sourceTree = "<group>"; };
		727C87F321035CDE0094F07D /* Base */ = {isa = PBXFileReference; lastKnownFileType = file.storyboard; name = Base; path = Base.lproj/Main.storyboard; sourceTree = "<group>"; };
		727C87F521035CF60094F07D /* Assets.xcassets */ = {isa = PBXFileReference; lastKnownFileType = folder.assetcatalog; path = Assets.xcassets; sourceTree = "<group>"; };
		727C87F821035CF60094F07D /* Base */ = {isa = PBXFileReference; lastKnownFileType = file.storyboard; name = Base; path = Base.lproj/LaunchScreen.storyboard; sourceTree = "<group>"; };
		727C87FA21035CF60094F07D /* Info.plist */ = {isa = PBXFileReference; lastKnownFileType = text.plist.xml; path = Info.plist; sourceTree = "<group>"; };
		EBB1162ECAE067406D5709D5 /* Pods_vimeo_upload.framework */ = {isa = PBXFileReference; explicitFileType = wrapper.framework; includeInIndex = 0; path = Pods_vimeo_upload.framework; sourceTree = BUILT_PRODUCTS_DIR; };
/* End PBXFileReference section */

/* Begin PBXFrameworksBuildPhase section */
		727C87E821035CDD0094F07D /* Frameworks */ = {
			isa = PBXFrameworksBuildPhase;
			buildActionMask = 2147483647;
			files = (
				ABBB40487A6C87C4E411BCED /* Pods_vimeo_upload.framework in Frameworks */,
			);
			runOnlyForDeploymentPostprocessing = 0;
		};
/* End PBXFrameworksBuildPhase section */

/* Begin PBXGroup section */
		727C87E221035CDD0094F07D = {
			isa = PBXGroup;
			children = (
				727C87ED21035CDE0094F07D /* vimeo upload */,
				727C87EC21035CDE0094F07D /* Products */,
				EBAEDCA98A2A09F97FD51FD9 /* Pods */,
				9A90E9F9C798A614E4283B33 /* Frameworks */,
			);
			sourceTree = "<group>";
		};
		727C87EC21035CDE0094F07D /* Products */ = {
			isa = PBXGroup;
			children = (
				727C87EB21035CDE0094F07D /* vimeo upload.app */,
			);
			name = Products;
			sourceTree = "<group>";
		};
		727C87ED21035CDE0094F07D /* vimeo upload */ = {
			isa = PBXGroup;
			children = (
				727C87EE21035CDE0094F07D /* AppDelegate.swift */,
				727C87F021035CDE0094F07D /* ViewController.swift */,
				727C87F221035CDE0094F07D /* Main.storyboard */,
				727C87F521035CF60094F07D /* Assets.xcassets */,
				727C87F721035CF60094F07D /* LaunchScreen.storyboard */,
				727C87FA21035CF60094F07D /* Info.plist */,
			);
			path = "vimeo upload";
			sourceTree = "<group>";
		};
		9A90E9F9C798A614E4283B33 /* Frameworks */ = {
			isa = PBXGroup;
			children = (
				EBB1162ECAE067406D5709D5 /* Pods_vimeo_upload.framework */,
			);
			name = Frameworks;
			sourceTree = "<group>";
		};
		EBAEDCA98A2A09F97FD51FD9 /* Pods */ = {
			isa = PBXGroup;
			children = (
				3DFDE52A8ABE2AE0AF21D487 /* Pods-vimeo upload.debug.xcconfig */,
				5D20BC010F528AE92BEFF68F /* Pods-vimeo upload.release.xcconfig */,
			);
			name = Pods;
			sourceTree = "<group>";
		};
/* End PBXGroup section */

/* Begin PBXNativeTarget section */
		727C87EA21035CDD0094F07D /* vimeo upload */ = {
			isa = PBXNativeTarget;
			buildConfigurationList = 727C87FD21035CF60094F07D /* Build configuration list for PBXNativeTarget "vimeo upload" */;
			buildPhases = (
				3A4B8BA5C6CD38E726567A76 /* [CP] Check Pods Manifest.lock */,
				727C87E721035CDD0094F07D /* Sources */,
				727C87E821035CDD0094F07D /* Frameworks */,
				727C87E921035CDD0094F07D /* Resources */,
				79E2BAEE7568739C77EB93AB /* [CP] Embed Pods Frameworks */,
			);
			buildRules = (
			);
			dependencies = (
			);
			name = "vimeo upload";
			productName = "vimeo upload";
			productReference = 727C87EB21035CDE0094F07D /* vimeo upload.app */;
			productType = "com.apple.product-type.application";
		};
/* End PBXNativeTarget section */

/* Begin PBXProject section */
		727C87E321035CDD0094F07D /* Project object */ = {
			isa = PBXProject;
			attributes = {
				LastSwiftUpdateCheck = 0930;
				LastUpgradeCheck = 0930;
				ORGANIZATIONNAME = "Native Brains";
				TargetAttributes = {
					727C87EA21035CDD0094F07D = {
						CreatedOnToolsVersion = 9.3;
					};
				};
			};
			buildConfigurationList = 727C87E621035CDD0094F07D /* Build configuration list for PBXProject "vimeo upload" */;
			compatibilityVersion = "Xcode 9.3";
			developmentRegion = en;
			hasScannedForEncodings = 0;
			knownRegions = (
				en,
				Base,
			);
			mainGroup = 727C87E221035CDD0094F07D;
			productRefGroup = 727C87EC21035CDE0094F07D /* Products */;
			projectDirPath = "";
			projectRoot = "";
			targets = (
				727C87EA21035CDD0094F07D /* vimeo upload */,
			);
		};
/* End PBXProject section */

/* Begin PBXResourcesBuildPhase section */
		727C87E921035CDD0094F07D /* Resources */ = {
			isa = PBXResourcesBuildPhase;
			buildActionMask = 2147483647;
			files = (
				727C87F921035CF60094F07D /* LaunchScreen.storyboard in Resources */,
				727C87F621035CF60094F07D /* Assets.xcassets in Resources */,
				727C87F421035CDE0094F07D /* Main.storyboard in Resources */,
			);
			runOnlyForDeploymentPostprocessing = 0;
		};
/* End PBXResourcesBuildPhase section */

/* Begin PBXShellScriptBuildPhase section */
		3A4B8BA5C6CD38E726567A76 /* [CP] Check Pods Manifest.lock */ = {
			isa = PBXShellScriptBuildPhase;
			buildActionMask = 2147483647;
			files = (
			);
			inputPaths = (
				"${PODS_PODFILE_DIR_PATH}/Podfile.lock",
				"${PODS_ROOT}/Manifest.lock",
			);
			name = "[CP] Check Pods Manifest.lock";
			outputPaths = (
				"$(DERIVED_FILE_DIR)/Pods-vimeo upload-checkManifestLockResult.txt",
			);
			runOnlyForDeploymentPostprocessing = 0;
			shellPath = /bin/sh;
			shellScript = "diff \"${PODS_PODFILE_DIR_PATH}/Podfile.lock\" \"${PODS_ROOT}/Manifest.lock\" > /dev/null\nif [ $? != 0 ] ; then\n    # print error to STDERR\n    echo \"error: The sandbox is not in sync with the Podfile.lock. Run 'pod install' or update your CocoaPods installation.\" >&2\n    exit 1\nfi\n# This output is used by Xcode 'outputs' to avoid re-running this script phase.\necho \"SUCCESS\" > \"${SCRIPT_OUTPUT_FILE_0}\"\n";
			showEnvVarsInLog = 0;
		};
		79E2BAEE7568739C77EB93AB /* [CP] Embed Pods Frameworks */ = {
			isa = PBXShellScriptBuildPhase;
			buildActionMask = 2147483647;
			files = (
			);
			inputPaths = (
				"${SRCROOT}/Pods/Target Support Files/Pods-vimeo upload/Pods-vimeo upload-frameworks.sh",
				"${BUILT_PRODUCTS_DIR}/Alamofire/Alamofire.framework",
				"${BUILT_PRODUCTS_DIR}/SwiftyJSON/SwiftyJSON.framework",
			);
			name = "[CP] Embed Pods Frameworks";
			outputPaths = (
				"${TARGET_BUILD_DIR}/${FRAMEWORKS_FOLDER_PATH}/Alamofire.framework",
				"${TARGET_BUILD_DIR}/${FRAMEWORKS_FOLDER_PATH}/SwiftyJSON.framework",
			);
			runOnlyForDeploymentPostprocessing = 0;
			shellPath = /bin/sh;
			shellScript = "\"${SRCROOT}/Pods/Target Support Files/Pods-vimeo upload/Pods-vimeo upload-frameworks.sh\"\n";
			showEnvVarsInLog = 0;
		};
/* End PBXShellScriptBuildPhase section */

/* Begin PBXSourcesBuildPhase section */
		727C87E721035CDD0094F07D /* Sources */ = {
			isa = PBXSourcesBuildPhase;
			buildActionMask = 2147483647;
			files = (
				727C87F121035CDE0094F07D /* ViewController.swift in Sources */,
				727C87EF21035CDE0094F07D /* AppDelegate.swift in Sources */,
			);
			runOnlyForDeploymentPostprocessing = 0;
		};
/* End PBXSourcesBuildPhase section */

/* Begin PBXVariantGroup section */
		727C87F221035CDE0094F07D /* Main.storyboard */ = {
			isa = PBXVariantGroup;
			children = (
				727C87F321035CDE0094F07D /* Base */,
			);
			name = Main.storyboard;
			sourceTree = "<group>";
		};
		727C87F721035CF60094F07D /* LaunchScreen.storyboard */ = {
			isa = PBXVariantGroup;
			children = (
				727C87F821035CF60094F07D /* Base */,
			);
			name = LaunchScreen.storyboard;
			sourceTree = "<group>";
		};
/* End PBXVariantGroup section */

/* Begin XCBuildConfiguration section */
		727C87FB21035CF60094F07D /* Debug */ = {
			isa = XCBuildConfiguration;
			buildSettings = {
				ALWAYS_SEARCH_USER_PATHS = NO;
				CLANG_ANALYZER_NONNULL = YES;
				CLANG_ANALYZER_NUMBER_OBJECT_CONVERSION = YES_AGGRESSIVE;
				CLANG_CXX_LANGUAGE_STANDARD = "gnu++14";
				CLANG_CXX_LIBRARY = "libc++";
				CLANG_ENABLE_MODULES = YES;
				CLANG_ENABLE_OBJC_ARC = YES;
				CLANG_ENABLE_OBJC_WEAK = YES;
				CLANG_WARN_BLOCK_CAPTURE_AUTORELEASING = YES;
				CLANG_WARN_BOOL_CONVERSION = YES;
				CLANG_WARN_COMMA = YES;
				CLANG_WARN_CONSTANT_CONVERSION = YES;
				CLANG_WARN_DEPRECATED_OBJC_IMPLEMENTATIONS = YES;
				CLANG_WARN_DIRECT_OBJC_ISA_USAGE = YES_ERROR;
				CLANG_WARN_DOCUMENTATION_COMMENTS = YES;
				CLANG_WARN_EMPTY_BODY = YES;
				CLANG_WARN_ENUM_CONVERSION = YES;
				CLANG_WARN_INFINITE_RECURSION = YES;
				CLANG_WARN_INT_CONVERSION = YES;
				CLANG_WARN_NON_LITERAL_NULL_CONVERSION = YES;
				CLANG_WARN_OBJC_IMPLICIT_RETAIN_SELF = YES;
				CLANG_WARN_OBJC_LITERAL_CONVERSION = YES;
				CLANG_WARN_OBJC_ROOT_CLASS = YES_ERROR;
				CLANG_WARN_RANGE_LOOP_ANALYSIS = YES;
				CLANG_WARN_STRICT_PROTOTYPES = YES;
				CLANG_WARN_SUSPICIOUS_MOVE = YES;
				CLANG_WARN_UNGUARDED_AVAILABILITY = YES_AGGRESSIVE;
				CLANG_WARN_UNREACHABLE_CODE = YES;
				CLANG_WARN__DUPLICATE_METHOD_MATCH = YES;
				CODE_SIGN_IDENTITY = "iPhone Developer";
				COPY_PHASE_STRIP = NO;
				DEBUG_INFORMATION_FORMAT = dwarf;
				ENABLE_STRICT_OBJC_MSGSEND = YES;
				ENABLE_TESTABILITY = YES;
				GCC_C_LANGUAGE_STANDARD = gnu11;
				GCC_DYNAMIC_NO_PIC = NO;
				GCC_NO_COMMON_BLOCKS = YES;
				GCC_OPTIMIZATION_LEVEL = 0;
				GCC_PREPROCESSOR_DEFINITIONS = (
					"DEBUG=1",
					"$(inherited)",
				);
				GCC_WARN_64_TO_32_BIT_CONVERSION = YES;
				GCC_WARN_ABOUT_RETURN_TYPE = YES_ERROR;
				GCC_WARN_UNDECLARED_SELECTOR = YES;
				GCC_WARN_UNINITIALIZED_AUTOS = YES_AGGRESSIVE;
				GCC_WARN_UNUSED_FUNCTION = YES;
				GCC_WARN_UNUSED_VARIABLE = YES;
				IPHONEOS_DEPLOYMENT_TARGET = 11.3;
				MTL_ENABLE_DEBUG_INFO = YES;
				ONLY_ACTIVE_ARCH = YES;
				SDKROOT = iphoneos;
				SWIFT_ACTIVE_COMPILATION_CONDITIONS = DEBUG;
				SWIFT_OPTIMIZATION_LEVEL = "-Onone";
			};
			name = Debug;
		};
		727C87FC21035CF60094F07D /* Release */ = {
			isa = XCBuildConfiguration;
			buildSettings = {
				ALWAYS_SEARCH_USER_PATHS = NO;
				CLANG_ANALYZER_NONNULL = YES;
				CLANG_ANALYZER_NUMBER_OBJECT_CONVERSION = YES_AGGRESSIVE;
				CLANG_CXX_LANGUAGE_STANDARD = "gnu++14";
				CLANG_CXX_LIBRARY = "libc++";
				CLANG_ENABLE_MODULES = YES;
				CLANG_ENABLE_OBJC_ARC = YES;
				CLANG_ENABLE_OBJC_WEAK = YES;
				CLANG_WARN_BLOCK_CAPTURE_AUTORELEASING = YES;
				CLANG_WARN_BOOL_CONVERSION = YES;
				CLANG_WARN_COMMA = YES;
				CLANG_WARN_CONSTANT_CONVERSION = YES;
				CLANG_WARN_DEPRECATED_OBJC_IMPLEMENTATIONS = YES;
				CLANG_WARN_DIRECT_OBJC_ISA_USAGE = YES_ERROR;
				CLANG_WARN_DOCUMENTATION_COMMENTS = YES;
				CLANG_WARN_EMPTY_BODY = YES;
				CLANG_WARN_ENUM_CONVERSION = YES;
				CLANG_WARN_INFINITE_RECURSION = YES;
				CLANG_WARN_INT_CONVERSION = YES;
				CLANG_WARN_NON_LITERAL_NULL_CONVERSION = YES;
				CLANG_WARN_OBJC_IMPLICIT_RETAIN_SELF = YES;
				CLANG_WARN_OBJC_LITERAL_CONVERSION = YES;
				CLANG_WARN_OBJC_ROOT_CLASS = YES_ERROR;
				CLANG_WARN_RANGE_LOOP_ANALYSIS = YES;
				CLANG_WARN_STRICT_PROTOTYPES = YES;
				CLANG_WARN_SUSPICIOUS_MOVE = YES;
				CLANG_WARN_UNGUARDED_AVAILABILITY = YES_AGGRESSIVE;
				CLANG_WARN_UNREACHABLE_CODE = YES;
				CLANG_WARN__DUPLICATE_METHOD_MATCH = YES;
				CODE_SIGN_IDENTITY = "iPhone Developer";
				COPY_PHASE_STRIP = NO;
				DEBUG_INFORMATION_FORMAT = "dwarf-with-dsym";
				ENABLE_NS_ASSERTIONS = NO;
				ENABLE_STRICT_OBJC_MSGSEND = YES;
				GCC_C_LANGUAGE_STANDARD = gnu11;
				GCC_NO_COMMON_BLOCKS = YES;
				GCC_WARN_64_TO_32_BIT_CONVERSION = YES;
				GCC_WARN_ABOUT_RETURN_TYPE = YES_ERROR;
				GCC_WARN_UNDECLARED_SELECTOR = YES;
				GCC_WARN_UNINITIALIZED_AUTOS = YES_AGGRESSIVE;
				GCC_WARN_UNUSED_FUNCTION = YES;
				GCC_WARN_UNUSED_VARIABLE = YES;
				IPHONEOS_DEPLOYMENT_TARGET = 11.3;
				MTL_ENABLE_DEBUG_INFO = NO;
				SDKROOT = iphoneos;
				SWIFT_COMPILATION_MODE = wholemodule;
				SWIFT_OPTIMIZATION_LEVEL = "-O";
				VALIDATE_PRODUCT = YES;
			};
			name = Release;
		};
		727C87FE21035CF60094F07D /* Debug */ = {
			isa = XCBuildConfiguration;
			baseConfigurationReference = 3DFDE52A8ABE2AE0AF21D487 /* Pods-vimeo upload.debug.xcconfig */;
			buildSettings = {
				ASSETCATALOG_COMPILER_APPICON_NAME = AppIcon;
				CODE_SIGN_STYLE = Automatic;
				DEVELOPMENT_TEAM = W6L6HHJ7A3;
				INFOPLIST_FILE = "vimeo upload/Info.plist";
				IPHONEOS_DEPLOYMENT_TARGET = 11.0;
				LD_RUNPATH_SEARCH_PATHS = (
					"$(inherited)",
					"@executable_path/Frameworks",
				);
				PRODUCT_BUNDLE_IDENTIFIER = "com.nativebrains.vimeo-upload";
				PRODUCT_NAME = "$(TARGET_NAME)";
				SWIFT_VERSION = 4.0;
				TARGETED_DEVICE_FAMILY = 1;
			};
			name = Debug;
		};
		727C87FF21035CF60094F07D /* Release */ = {
			isa = XCBuildConfiguration;
			baseConfigurationReference = 5D20BC010F528AE92BEFF68F /* Pods-vimeo upload.release.xcconfig */;
			buildSettings = {
				ASSETCATALOG_COMPILER_APPICON_NAME = AppIcon;
				CODE_SIGN_STYLE = Automatic;
				DEVELOPMENT_TEAM = W6L6HHJ7A3;
				INFOPLIST_FILE = "vimeo upload/Info.plist";
				IPHONEOS_DEPLOYMENT_TARGET = 11.0;
				LD_RUNPATH_SEARCH_PATHS = (
					"$(inherited)",
					"@executable_path/Frameworks",
				);
				PRODUCT_BUNDLE_IDENTIFIER = "com.nativebrains.vimeo-upload";
				PRODUCT_NAME = "$(TARGET_NAME)";
				SWIFT_VERSION = 4.0;
				TARGETED_DEVICE_FAMILY = 1;
			};
			name = Release;
		};
/* End XCBuildConfiguration section */

/* Begin XCConfigurationList section */
		727C87E621035CDD0094F07D /* Build configuration list for PBXProject "vimeo upload" */ = {
			isa = XCConfigurationList;
			buildConfigurations = (
				727C87FB21035CF60094F07D /* Debug */,
				727C87FC21035CF60094F07D /* Release */,
			);
			defaultConfigurationIsVisible = 0;
			defaultConfigurationName = Release;
		};
		727C87FD21035CF60094F07D /* Build configuration list for PBXNativeTarget "vimeo upload" */ = {
			isa = XCConfigurationList;
			buildConfigurations = (
				727C87FE21035CF60094F07D /* Debug */,
				727C87FF21035CF60094F07D /* Release */,
			);
			defaultConfigurationIsVisible = 0;
			defaultConfigurationName = Release;
		};
/* End XCConfigurationList section */
	};
	rootObject = 727C87E321035CDD0094F07D /* Project object */;
}
